
Microsoft Visual Studio Solution File, Format Version 12.00
# Visual Studio Version 16
VisualStudioVersion = 16.0.30503.244
MinimumVisualStudioVersion = 10.0.40219.1
Project("{9A19103F-16F7-4668-BE54-9A1E7A4F7556}") = "Calculator_2.0", "Calculator\Calculator_2.0.csproj", "{A36C9F68-633E-4882-8B59-71EE08372683}"
EndProject
Project("{FAE04EC0-301F-11D3-BF4B-00C04F79EFBC}") = "Calculator_3.0", "Calculator_3.0\Calculator_3.0.csproj", "{F22C3C13-8856-4917-8F95-30DE3DE3865F}"
EndProject
Global
	GlobalSection(SolutionConfigurationPlatforms) = preSolution
		Debug|Any CPU = Debug|Any CPU
		Release|Any CPU = Release|Any CPU
	EndGlobalSection
	GlobalSection(ProjectConfigurationPlatforms) = postSolution
		{A36C9F68-633E-4882-8B59-71EE08372683}.Debug|Any CPU.ActiveCfg = Debug|Any CPU
		{A36C9F68-633E-4882-8B59-71EE08372683}.Debug|Any CPU.Build.0 = Debug|Any CPU
		{A36C9F68-633E-4882-8B59-71EE08372683}.Release|Any CPU.ActiveCfg = Release|Any CPU
		{A36C9F68-633E-4882-8B59-71EE08372683}.Release|Any CPU.Build.0 = Release|Any CPU
		{F22C3C13-8856-4917-8F95-30DE3DE3865F}.Debug|Any CPU.ActiveCfg = Debug|Any CPU
		{F22C3C13-8856-4917-8F95-30DE3DE3865F}.Debug|Any CPU.Build.0 = Debug|Any CPU
		{F22C3C13-8856-4917-8F95-30DE3DE3865F}.Release|Any CPU.ActiveCfg = Release|Any CPU
		{F22C3C13-8856-4917-8F95-30DE3DE3865F}.Release|Any CPU.Build.0 = Release|Any CPU
	EndGlobalSection
	GlobalSection(SolutionProperties) = preSolution
		HideSolutionNode = FALSE
	EndGlobalSection
	GlobalSection(ExtensibilityGlobals) = postSolution
		SolutionGuid = {12D36288-9150-4E09-AA42-07B7A958B2DC}
	EndGlobalSection
EndGlobal
